
Microsoft Visual Studio Solution File, Format Version 12.00
# Visual Studio Version 17
VisualStudioVersion = 17.14.36221.1 d17.14
MinimumVisualStudioVersion = 10.0.40219.1
Project("{FAE04EC0-301F-11D3-BF4B-00C04F79EFBC}") = "Finances", "Finances\Finances.csproj", "{78652E14-9FE8-4D20-ACB4-86C864F433F9}"
EndProject
Global
	GlobalSection(SolutionConfigurationPlatforms) = preSolution
		Debug|Any CPU = Debug|Any CPU
		Release|Any CPU = Release|Any CPU
	EndGlobalSection
	GlobalSection(ProjectConfigurationPlatforms) = postSolution
		{78652E14-9FE8-4D20-ACB4-86C864F433F9}.Debug|Any CPU.ActiveCfg = Debug|Any CPU
		{78652E14-9FE8-4D20-ACB4-86C864F433F9}.Debug|Any CPU.Build.0 = Debug|Any CPU
		{78652E14-9FE8-4D20-ACB4-86C864F433F9}.Release|Any CPU.ActiveCfg = Release|Any CPU
		{78652E14-9FE8-4D20-ACB4-86C864F433F9}.Release|Any CPU.Build.0 = Release|Any CPU
	EndGlobalSection
	GlobalSection(SolutionProperties) = preSolution
		HideSolutionNode = FALSE
	EndGlobalSection
	GlobalSection(ExtensibilityGlobals) = postSolution
		SolutionGuid = {9619EAFB-F4B2-4F81-ABE7-EEB1573D3A1C}
	EndGlobalSection
EndGlobal
